
Microsoft Visual Studio Solution File, Format Version 12.00
# Visual Studio 15
VisualStudioVersion = 15.0.28307.421
MinimumVisualStudioVersion = 10.0.40219.1
Project("{FAE04EC0-301F-11D3-BF4B-00C04F79EFBC}") = "GolAPI", "GolAPI\GolAPI.csproj", "{0D74B35A-EE14-40C0-979C-F90F0176D63A}"
EndProject
Global
	GlobalSection(SolutionConfigurationPlatforms) = preSolution
		Debug|Any CPU = Debug|Any CPU
		Release|Any CPU = Release|Any CPU
	EndGlobalSection
	GlobalSection(ProjectConfigurationPlatforms) = postSolution
		{0D74B35A-EE14-40C0-979C-F90F0176D63A}.Debug|Any CPU.ActiveCfg = Debug|Any CPU
		{0D74B35A-EE14-40C0-979C-F90F0176D63A}.Debug|Any CPU.Build.0 = Debug|Any CPU
		{0D74B35A-EE14-40C0-979C-F90F0176D63A}.Release|Any CPU.ActiveCfg = Release|Any CPU
		{0D74B35A-EE14-40C0-979C-F90F0176D63A}.Release|Any CPU.Build.0 = Release|Any CPU
	EndGlobalSection
	GlobalSection(SolutionProperties) = preSolution
		HideSolutionNode = FALSE
	EndGlobalSection
	GlobalSection(ExtensibilityGlobals) = postSolution
		SolutionGuid = {41F17F74-B84D-4C08-8EEA-D2F51CDB50F4}
	EndGlobalSection
EndGlobal
